<?xml version="1.0" encoding="utf-8"?>
<Project ToolsVersion="4.0" xmlns="http://schemas.microsoft.com/developer/msbuild/2003">
  <ItemGroup>
    <Filter Include="Common">
      <UniqueIdentifier>{e2e390b8-5329-4fef-a1b6-2f04fc0544ab}</UniqueIdentifier>
    </Filter>
    <Filter Include="Resource Files">
      <UniqueIdentifier>{92b3351f-8d5d-4295-9dd9-212e2c30b382}</UniqueIdentifier>
      <Extensions>rc;ico;cur;bmp;dlg;rc2;rct;bin;rgs;gif;jpg;jpeg;jpe</Extensions>
    </Filter>
  </ItemGroup>
  <ItemGroup>
    <ClCompile Include="..\..\common\d3dapp.cpp">
      <Filter>Common</Filter>
    </ClCompile>
    <ClCompile Include="..\..\common\d3denumeration.cpp">
      <Filter>Common</Filter>
    </ClCompile>
    <ClCompile Include="..\..\common\d3dsettings.cpp">
      <Filter>Common</Filter>
    </ClCompile>
    <ClCompile Include="..\..\common\d3dutil.cpp">
      <Filter>Common</Filter>
    </ClCompile>
    <ClCompile Include="..\..\common\dxstdafx.cpp">
      <Filter>Common</Filter>
    </ClCompile>
    <ClCompile Include="..\..\common\dxutil.cpp">
      <Filter>Common</Filter>
    </ClCompile>
    <ClCompile Include="Text3D.cpp" />
  </ItemGroup>
  <ItemGroup>
    <ClInclude Include="..\..\common\d3dapp.h">
      <Filter>Common</Filter>
    </ClInclude>
    <ClInclude Include="..\..\common\d3denumeration.h">
      <Filter>Common</Filter>
    </ClInclude>
    <ClInclude Include="..\..\common\d3dsettings.h">
      <Filter>Common</Filter>
    </ClInclude>
    <ClInclude Include="..\..\common\d3dutil.h">
      <Filter>Common</Filter>
    </ClInclude>
    <ClInclude Include="..\..\common\dxstdafx.h">
      <Filter>Common</Filter>
    </ClInclude>
    <ClInclude Include="..\..\common\dxutil.h">
      <Filter>Common</Filter>
    </ClInclude>
    <ClInclude Include="resource.h">
      <Filter>Resource Files</Filter>
    </ClInclude>
  </ItemGroup>
  <ItemGroup>
    <Image Include="..\..\common\directx.ico">
      <Filter>Resource Files</Filter>
    </Image>
  </ItemGroup>
  <ItemGroup>
    <ResourceCompile Include="winmain.rc">
      <Filter>Resource Files</Filter>
    </ResourceCompile>
  </ItemGroup>
  <ItemGroup>
    <Text Include="readme.txt" />
    <Text Include="text3d.txt" />
  </ItemGroup>
</Project>